
Microsoft Visual Studio Solution File, Format Version 12.00
# Visual Studio 15
VisualStudioVersion = 15.0.28010.2026
MinimumVisualStudioVersion = 10.0.40219.1
Project("{9A19103F-16F7-4668-BE54-9A1E7A4F7556}") = "TSBot", "TSBot\TSBot.csproj", "{B196DB87-AB6B-470F-A944-AC507FBA9569}"
EndProject
Project("{9A19103F-16F7-4668-BE54-9A1E7A4F7556}") = "TS3Client", "..\..\..\GitHub\Projects\TS3AudioBotFork\TS3Client\TS3Client.csproj", "{9C0A14DC-DFFE-4E04-B7C7-7B0BD969330A}"
EndProject
Global
	GlobalSection(SolutionConfigurationPlatforms) = preSolution
		Debug|Any CPU = Debug|Any CPU
		Release|Any CPU = Release|Any CPU
	EndGlobalSection
	GlobalSection(ProjectConfigurationPlatforms) = postSolution
		{B196DB87-AB6B-470F-A944-AC507FBA9569}.Debug|Any CPU.ActiveCfg = Debug|Any CPU
		{B196DB87-AB6B-470F-A944-AC507FBA9569}.Debug|Any CPU.Build.0 = Debug|Any CPU
		{B196DB87-AB6B-470F-A944-AC507FBA9569}.Release|Any CPU.ActiveCfg = Release|Any CPU
		{B196DB87-AB6B-470F-A944-AC507FBA9569}.Release|Any CPU.Build.0 = Release|Any CPU
		{9C0A14DC-DFFE-4E04-B7C7-7B0BD969330A}.Debug|Any CPU.ActiveCfg = Debug|Any CPU
		{9C0A14DC-DFFE-4E04-B7C7-7B0BD969330A}.Debug|Any CPU.Build.0 = Debug|Any CPU
		{9C0A14DC-DFFE-4E04-B7C7-7B0BD969330A}.Release|Any CPU.ActiveCfg = Release|Any CPU
		{9C0A14DC-DFFE-4E04-B7C7-7B0BD969330A}.Release|Any CPU.Build.0 = Release|Any CPU
	EndGlobalSection
	GlobalSection(SolutionProperties) = preSolution
		HideSolutionNode = FALSE
	EndGlobalSection
	GlobalSection(ExtensibilityGlobals) = postSolution
		SolutionGuid = {1BB21104-2C04-4835-BAF8-18519ED81D70}
	EndGlobalSection
EndGlobal
